{
  "name": "@tiro/ui",
  "version": "1.0.0",
  "lockfileVersion": 2,
  "requires": true,
  "packages": {
    "": {
      "name": "@tiro/ui",
      "version": "1.0.0",
      "license": "ISC",
      "dependencies": {
        "lodash": "^4.17.21"
      },
      "devDependencies": {
        "@css-render/plugin-bem": "^0.15.11",
        "@types/lodash": "^4.14.186",
        "css-render": "^0.15.11"
      }
    },
    "../../node_modules/.pnpm/@css-render+plugin-bem@0.15.11_css-render@0.15.11/node_modules/@css-render/plugin-bem": {
      "version": "0.15.11",
      "dev": true,
      "license": "MIT",
      "devDependencies": {
        "@babel/preset-env": "^7.12.17",
        "@babel/preset-typescript": "^7.12.17",
        "@css-render/eslint-config": "0.0.0",
        "@css-render/test-shared": "0.0.0",
        "@rushstack/eslint-config": "~2.5.1",
        "@types/jest": "^27.0.3",
        "@types/node": "~17.0.5",
        "babel-jest": "^27.4.5",
        "css-render": "~0.15.11",
        "eslint": "~8.5.0",
        "jest": "^27.4.5",
        "jest-standard-reporter": "~2.0.0",
        "typescript": "~4.4.4"
      },
      "peerDependencies": {
        "css-render": "~0.15.11"
      }
    },
    "../../node_modules/.pnpm/css-render@0.15.11/node_modules/css-render": {
      "version": "0.15.11",
      "dev": true,
      "license": "MIT",
      "dependencies": {
        "@emotion/hash": "~0.8.0",
        "@types/node": "~17.0.5",
        "csstype": "~3.0.5"
      },
      "devDependencies": {
        "@css-render/eslint-config": "0.0.0",
        "@css-render/test-shared": "0.0.0",
        "@rushstack/eslint-config": "~2.5.1",
        "@types/chai": "^4.2.11",
        "@types/mocha": "^9.0.0",
        "@types/sinon": "^10.0.6",
        "chai": "^4.2.0",
        "eslint": "~8.5.0",
        "karma": "~6.3.2",
        "karma-chrome-launcher": "^3.1.0",
        "karma-mocha": "^2.0.1",
        "karma-spec-reporter": "0.0.33",
        "karma-typescript": "~5.5.1",
        "mocha": "^9.1.3",
        "puppeteer": "^13.0.1",
        "rollup": "^2.19.0",
        "rollup-plugin-terser": "^7.0.2",
        "sinon": "^12.0.1",
        "terser": "^5.3.3",
        "typescript": "~4.4.4",
        "vite": "~2.7.9"
      }
    },
    "../../node_modules/.pnpm/lodash@4.17.21/node_modules/lodash": {
      "version": "4.17.21",
      "license": "MIT"
    },
    "node_modules/@css-render/plugin-bem": {
      "resolved": "../../node_modules/.pnpm/@css-render+plugin-bem@0.15.11_css-render@0.15.11/node_modules/@css-render/plugin-bem",
      "link": true
    },
    "node_modules/@types/lodash": {
      "version": "4.14.186",
      "resolved": "https://registry.npmjs.org/@types/lodash/-/lodash-4.14.186.tgz",
      "integrity": "sha512-eHcVlLXP0c2FlMPm56ITode2AgLMSa6aJ05JTTbYbI+7EMkCEE5qk2E41d5g2lCVTqRe0GnnRFurmlCsDODrPw==",
      "dev": true
    },
    "node_modules/css-render": {
      "resolved": "../../node_modules/.pnpm/css-render@0.15.11/node_modules/css-render",
      "link": true
    },
    "node_modules/lodash": {
      "resolved": "../../node_modules/.pnpm/lodash@4.17.21/node_modules/lodash",
      "link": true
    }
  },
  "dependencies": {
    "@css-render/plugin-bem": {
      "version": "file:../../node_modules/.pnpm/@css-render+plugin-bem@0.15.11_css-render@0.15.11/node_modules/@css-render/plugin-bem",
      "requires": {
        "@babel/preset-env": "^7.12.17",
        "@babel/preset-typescript": "^7.12.17",
        "@css-render/eslint-config": "0.0.0",
        "@css-render/test-shared": "0.0.0",
        "@rushstack/eslint-config": "~2.5.1",
        "@types/jest": "^27.0.3",
        "@types/node": "~17.0.5",
        "babel-jest": "^27.4.5",
        "css-render": "~0.15.11",
        "eslint": "~8.5.0",
        "jest": "^27.4.5",
        "jest-standard-reporter": "~2.0.0",
        "typescript": "~4.4.4"
      }
    },
    "@types/lodash": {
      "version": "4.14.186",
      "resolved": "https://registry.npmjs.org/@types/lodash/-/lodash-4.14.186.tgz",
      "integrity": "sha512-eHcVlLXP0c2FlMPm56ITode2AgLMSa6aJ05JTTbYbI+7EMkCEE5qk2E41d5g2lCVTqRe0GnnRFurmlCsDODrPw==",
      "dev": true
    },
    "css-render": {
      "version": "file:../../node_modules/.pnpm/css-render@0.15.11/node_modules/css-render",
      "requires": {
        "@css-render/eslint-config": "0.0.0",
        "@css-render/test-shared": "0.0.0",
        "@emotion/hash": "~0.8.0",
        "@rushstack/eslint-config": "~2.5.1",
        "@types/chai": "^4.2.11",
        "@types/mocha": "^9.0.0",
        "@types/node": "~17.0.5",
        "@types/sinon": "^10.0.6",
        "chai": "^4.2.0",
        "csstype": "~3.0.5",
        "eslint": "~8.5.0",
        "karma": "~6.3.2",
        "karma-chrome-launcher": "^3.1.0",
        "karma-mocha": "^2.0.1",
        "karma-spec-reporter": "0.0.33",
        "karma-typescript": "~5.5.1",
        "mocha": "^9.1.3",
        "puppeteer": "^13.0.1",
        "rollup": "^2.19.0",
        "rollup-plugin-terser": "^7.0.2",
        "sinon": "^12.0.1",
        "terser": "^5.3.3",
        "typescript": "~4.4.4",
        "vite": "~2.7.9"
      }
    },
    "lodash": {
      "version": "file:../../node_modules/.pnpm/lodash@4.17.21/node_modules/lodash"
    }
  }
}
