{
  "name": "@tiro/docs",
  "version": "1.0.0",
  "lockfileVersion": 2,
  "requires": true,
  "packages": {
    "": {
      "name": "@tiro/docs",
      "version": "1.0.0",
      "dependencies": {
        "chokidar": "^3.5.2",
        "concurrently": "6.4.0",
        "marked": "^4.0.3",
        "nodemon": "^2.0.15",
        "vue": "^3.2.6"
      },
      "devDependencies": {
        "@vitejs/plugin-vue": "^1.6.1",
        "@vue/compiler-sfc": "^3.2.6",
        "vite": "^2.5.4"
      }
    },
    "../../node_modules/.pnpm/@vitejs+plugin-vue@1.9.4_vite@2.6.14/node_modules/@vitejs/plugin-vue": {
      "version": "1.9.4",
      "dev": true,
      "license": "MIT",
      "devDependencies": {
        "@rollup/pluginutils": "^4.1.1",
        "@types/hash-sum": "^1.0.0",
        "@vue/compiler-sfc": "^3.2.19",
        "debug": "^4.3.2",
        "hash-sum": "^2.0.0",
        "rollup": "^2.57.0",
        "slash": "^3.0.0",
        "source-map": "^0.6.1",
        "vue": "^3.2.19"
      },
      "engines": {
        "node": ">=12.0.0"
      },
      "peerDependencies": {
        "vite": "^2.5.10"
      }
    },
    "../../node_modules/.pnpm/@vue+compiler-sfc@3.2.22/node_modules/@vue/compiler-sfc": {
      "version": "3.2.22",
      "dev": true,
      "license": "MIT",
      "dependencies": {
        "@babel/parser": "^7.15.0",
        "@vue/compiler-core": "3.2.22",
        "@vue/compiler-dom": "3.2.22",
        "@vue/compiler-ssr": "3.2.22",
        "@vue/ref-transform": "3.2.22",
        "@vue/shared": "3.2.22",
        "estree-walker": "^2.0.2",
        "magic-string": "^0.25.7",
        "postcss": "^8.1.10",
        "source-map": "^0.6.1"
      },
      "devDependencies": {
        "@babel/types": "^7.15.0",
        "@types/estree": "^0.0.48",
        "@types/lru-cache": "^5.1.0",
        "@vue/consolidate": "^0.17.3",
        "hash-sum": "^2.0.0",
        "lru-cache": "^5.1.1",
        "merge-source-map": "^1.1.0",
        "postcss-modules": "^4.0.0",
        "postcss-selector-parser": "^6.0.4",
        "pug": "^3.0.1",
        "sass": "^1.26.9"
      }
    },
    "../../node_modules/.pnpm/concurrently@6.4.0/node_modules/concurrently": {
      "version": "6.4.0",
      "license": "MIT",
      "dependencies": {
        "chalk": "^4.1.0",
        "date-fns": "^2.16.1",
        "lodash": "^4.17.21",
        "rxjs": "^6.6.3",
        "spawn-command": "^0.0.2-1",
        "supports-color": "^8.1.0",
        "tree-kill": "^1.2.2",
        "yargs": "^16.2.0"
      },
      "bin": {
        "concurrently": "bin/concurrently.js"
      },
      "devDependencies": {
        "coveralls": "^3.1.0",
        "eslint": "^7.17.0",
        "jest": "^26.6.3",
        "jest-create-mock-instance": "^1.1.0"
      },
      "engines": {
        "node": ">=10.0.0"
      }
    },
    "../../node_modules/.pnpm/marked@4.0.3/node_modules/marked": {
      "version": "4.0.3",
      "license": "MIT",
      "bin": {
        "marked": "bin/marked.js"
      },
      "devDependencies": {
        "@babel/core": "^7.16.0",
        "@babel/preset-env": "^7.16.0",
        "@markedjs/html-differ": "^3.0.4",
        "@rollup/plugin-babel": "^5.3.0",
        "@rollup/plugin-commonjs": "^21.0.1",
        "@semantic-release/commit-analyzer": "^9.0.1",
        "@semantic-release/git": "^10.0.1",
        "@semantic-release/github": "^8.0.2",
        "@semantic-release/npm": "^8.0.3",
        "@semantic-release/release-notes-generator": "^10.0.2",
        "cheerio": "^1.0.0-rc.10",
        "commonmark": "0.30.0",
        "eslint": "^8.2.0",
        "eslint-config-standard": "^16.0.3",
        "eslint-plugin-import": "^2.25.2",
        "eslint-plugin-node": "^11.1.0",
        "eslint-plugin-promise": "^5.1.1",
        "front-matter": "^4.0.2",
        "highlight.js": "^11.3.1",
        "jasmine": "^3.10.0",
        "markdown-it": "12.2.0",
        "node-fetch": "^3.0.0",
        "rollup": "^2.59.0",
        "rollup-plugin-license": "^2.6.0",
        "semantic-release": "^18.0.0",
        "titleize": "^3.0.0",
        "uglify-js": "^3.14.3",
        "vuln-regex-detector": "^1.3.0"
      },
      "engines": {
        "node": ">= 12"
      }
    },
    "../../node_modules/.pnpm/nodemon@2.0.15/node_modules/nodemon": {
      "version": "2.0.15",
      "hasInstallScript": true,
      "license": "MIT",
      "dependencies": {
        "chokidar": "^3.5.2",
        "debug": "^3.2.7",
        "ignore-by-default": "^1.0.1",
        "minimatch": "^3.0.4",
        "pstree.remy": "^1.1.8",
        "semver": "^5.7.1",
        "supports-color": "^5.5.0",
        "touch": "^3.1.0",
        "undefsafe": "^2.0.5",
        "update-notifier": "^5.1.0"
      },
      "bin": {
        "nodemon": "bin/nodemon.js"
      },
      "devDependencies": {
        "@commitlint/cli": "^11.0.0",
        "@commitlint/config-conventional": "^11.0.0",
        "async": "1.4.2",
        "coffee-script": "~1.7.1",
        "eslint": "^7.32.0",
        "husky": "^7.0.4",
        "mocha": "^2.5.3",
        "nyc": "^15.1.0",
        "proxyquire": "^1.8.0",
        "semantic-release": "^18.0.0",
        "should": "~4.0.0"
      },
      "engines": {
        "node": ">=8.10.0"
      },
      "funding": {
        "type": "opencollective",
        "url": "https://opencollective.com/nodemon"
      }
    },
    "../../node_modules/.pnpm/vite@2.6.14_sass@1.43.4/node_modules/vite": {
      "version": "2.6.14",
      "dev": true,
      "license": "MIT",
      "dependencies": {
        "esbuild": "^0.13.2",
        "postcss": "^8.3.8",
        "resolve": "^1.20.0",
        "rollup": "^2.57.0"
      },
      "bin": {
        "vite": "bin/vite.js"
      },
      "devDependencies": {
        "@ampproject/remapping": "^1.0.1",
        "@babel/parser": "^7.15.8",
        "@babel/types": "^7.15.6",
        "@rollup/plugin-alias": "^3.1.5",
        "@rollup/plugin-commonjs": "^21.0.0",
        "@rollup/plugin-dynamic-import-vars": "^1.4.0",
        "@rollup/plugin-json": "^4.1.0",
        "@rollup/plugin-node-resolve": "13.0.5",
        "@rollup/plugin-typescript": "^8.2.5",
        "@rollup/pluginutils": "^4.1.1",
        "@types/convert-source-map": "^1.5.2",
        "@types/debug": "^4.1.7",
        "@types/es-module-lexer": "^0.3.0",
        "@types/estree": "^0.0.50",
        "@types/etag": "^1.8.1",
        "@types/less": "^3.0.3",
        "@types/mime": "^2.0.3",
        "@types/node": "^15.12.2",
        "@types/resolve": "^1.20.1",
        "@types/sass": "^1.16.1",
        "@types/stylus": "^0.48.36",
        "@types/ws": "^7.4.7",
        "@vue/compiler-dom": "^3.2.19",
        "acorn": "^8.5.0",
        "acorn-class-fields": "^1.0.0",
        "acorn-static-class-features": "^1.0.0",
        "builtin-modules": "^3.2.0",
        "cac": "^6.7.3",
        "chalk": "^4.1.2",
        "chokidar": "^3.5.2",
        "compression": "^1.7.4",
        "connect": "^3.7.0",
        "connect-history-api-fallback": "^1.6.0",
        "convert-source-map": "^1.8.0",
        "cors": "^2.8.5",
        "debug": "^4.3.2",
        "dotenv": "^10.0.0",
        "dotenv-expand": "^5.1.0",
        "es-module-lexer": "^0.9.2",
        "estree-walker": "^2.0.2",
        "etag": "^1.8.1",
        "execa": "^5.1.1",
        "fast-glob": "^3.2.7",
        "http-proxy": "^1.18.1",
        "launch-editor-middleware": "^2.2.1",
        "magic-string": "^0.25.7",
        "mime": "^2.5.2",
        "minimatch": "^3.0.4",
        "okie": "^1.0.1",
        "open": "^8.2.1",
        "periscopic": "^2.0.3",
        "postcss-import": "^14.0.2",
        "postcss-load-config": "^3.1.0",
        "postcss-modules": "^4.2.2",
        "resolve.exports": "^1.0.2",
        "rollup-plugin-license": "^2.5.0",
        "selfsigned": "^1.10.11",
        "sirv": "^1.0.17",
        "source-map": "^0.6.1",
        "source-map-support": "^0.5.20",
        "strip-ansi": "^6.0.0",
        "terser": "^5.9.0",
        "tsconfck": "^1.0.0",
        "tslib": "^2.3.1",
        "types": "link:./types",
        "ws": "^7.5.5"
      },
      "engines": {
        "node": ">=12.2.0"
      },
      "optionalDependencies": {
        "fsevents": "~2.3.2"
      },
      "peerDependencies": {
        "less": "*",
        "sass": "*",
        "stylus": "*"
      },
      "peerDependenciesMeta": {
        "less": {
          "optional": true
        },
        "sass": {
          "optional": true
        },
        "stylus": {
          "optional": true
        }
      }
    },
    "../../node_modules/.pnpm/vue@3.2.22/node_modules/vue": {
      "version": "3.2.22",
      "license": "MIT",
      "dependencies": {
        "@vue/compiler-dom": "3.2.22",
        "@vue/compiler-sfc": "3.2.22",
        "@vue/runtime-dom": "3.2.22",
        "@vue/server-renderer": "3.2.22",
        "@vue/shared": "3.2.22"
      }
    },
    "node_modules/@vitejs/plugin-vue": {
      "resolved": "../../node_modules/.pnpm/@vitejs+plugin-vue@1.9.4_vite@2.6.14/node_modules/@vitejs/plugin-vue",
      "link": true
    },
    "node_modules/@vue/compiler-sfc": {
      "resolved": "../../node_modules/.pnpm/@vue+compiler-sfc@3.2.22/node_modules/@vue/compiler-sfc",
      "link": true
    },
    "node_modules/anymatch": {
      "version": "3.1.2",
      "resolved": "https://registry.npmjs.org/anymatch/-/anymatch-3.1.2.tgz",
      "integrity": "sha512-P43ePfOAIupkguHUycrc4qJ9kz8ZiuOUijaETwX7THt0Y/GNK7v0aa8rY816xWjZ7rJdA5XdMcpVFTKMq+RvWg==",
      "dependencies": {
        "normalize-path": "^3.0.0",
        "picomatch": "^2.0.4"
      },
      "engines": {
        "node": ">= 8"
      }
    },
    "node_modules/binary-extensions": {
      "version": "2.2.0",
      "resolved": "https://registry.npmjs.org/binary-extensions/-/binary-extensions-2.2.0.tgz",
      "integrity": "sha512-jDctJ/IVQbZoJykoeHbhXpOlNBqGNcwXJKJog42E5HDPUwQTSdjCHdihjj0DlnheQ7blbT6dHOafNAiS8ooQKA==",
      "engines": {
        "node": ">=8"
      }
    },
    "node_modules/braces": {
      "version": "3.0.2",
      "resolved": "https://registry.npmjs.org/braces/-/braces-3.0.2.tgz",
      "integrity": "sha512-b8um+L1RzM3WDSzvhm6gIz1yfTbBt6YTlcEKAvsmqCZZFw46z626lVj9j1yEPW33H5H+lBQpZMP1k8l+78Ha0A==",
      "dependencies": {
        "fill-range": "^7.0.1"
      },
      "engines": {
        "node": ">=8"
      }
    },
    "node_modules/chokidar": {
      "version": "3.5.2",
      "resolved": "https://registry.npmjs.org/chokidar/-/chokidar-3.5.2.tgz",
      "integrity": "sha512-ekGhOnNVPgT77r4K/U3GDhu+FQ2S8TnK/s2KbIGXi0SZWuwkZ2QNyfWdZW+TVfn84DpEP7rLeCt2UI6bJ8GwbQ==",
      "dependencies": {
        "anymatch": "~3.1.2",
        "braces": "~3.0.2",
        "glob-parent": "~5.1.2",
        "is-binary-path": "~2.1.0",
        "is-glob": "~4.0.1",
        "normalize-path": "~3.0.0",
        "readdirp": "~3.6.0"
      },
      "engines": {
        "node": ">= 8.10.0"
      },
      "optionalDependencies": {
        "fsevents": "~2.3.2"
      }
    },
    "node_modules/concurrently": {
      "resolved": "../../node_modules/.pnpm/concurrently@6.4.0/node_modules/concurrently",
      "link": true
    },
    "node_modules/fill-range": {
      "version": "7.0.1",
      "resolved": "https://registry.npmjs.org/fill-range/-/fill-range-7.0.1.tgz",
      "integrity": "sha512-qOo9F+dMUmC2Lcb4BbVvnKJxTPjCm+RRpe4gDuGrzkL7mEVl/djYSu2OdQ2Pa302N4oqkSg9ir6jaLWJ2USVpQ==",
      "dependencies": {
        "to-regex-range": "^5.0.1"
      },
      "engines": {
        "node": ">=8"
      }
    },
    "node_modules/fsevents": {
      "version": "2.3.2",
      "resolved": "https://registry.npmjs.org/fsevents/-/fsevents-2.3.2.tgz",
      "integrity": "sha512-xiqMQR4xAeHTuB9uWm+fFRcIOgKBMiOBP+eXiyT7jsgVCq1bkVygt00oASowB7EdtpOHaaPgKt812P9ab+DDKA==",
      "hasInstallScript": true,
      "optional": true,
      "os": [
        "darwin"
      ],
      "engines": {
        "node": "^8.16.0 || ^10.6.0 || >=11.0.0"
      }
    },
    "node_modules/glob-parent": {
      "version": "5.1.2",
      "resolved": "https://registry.npmjs.org/glob-parent/-/glob-parent-5.1.2.tgz",
      "integrity": "sha512-AOIgSQCepiJYwP3ARnGx+5VnTu2HBYdzbGP45eLw1vr3zB3vZLeyed1sC9hnbcOc9/SrMyM5RPQrkGz4aS9Zow==",
      "dependencies": {
        "is-glob": "^4.0.1"
      },
      "engines": {
        "node": ">= 6"
      }
    },
    "node_modules/is-binary-path": {
      "version": "2.1.0",
      "resolved": "https://registry.npmjs.org/is-binary-path/-/is-binary-path-2.1.0.tgz",
      "integrity": "sha512-ZMERYes6pDydyuGidse7OsHxtbI7WVeUEozgR/g7rd0xUimYNlvZRE/K2MgZTjWy725IfelLeVcEM97mmtRGXw==",
      "dependencies": {
        "binary-extensions": "^2.0.0"
      },
      "engines": {
        "node": ">=8"
      }
    },
    "node_modules/is-extglob": {
      "version": "2.1.1",
      "resolved": "https://registry.npmjs.org/is-extglob/-/is-extglob-2.1.1.tgz",
      "integrity": "sha1-qIwCU1eR8C7TfHahueqXc8gz+MI=",
      "engines": {
        "node": ">=0.10.0"
      }
    },
    "node_modules/is-glob": {
      "version": "4.0.3",
      "resolved": "https://registry.npmjs.org/is-glob/-/is-glob-4.0.3.tgz",
      "integrity": "sha512-xelSayHH36ZgE7ZWhli7pW34hNbNl8Ojv5KVmkJD4hBdD3th8Tfk9vYasLM+mXWOZhFkgZfxhLSnrwRr4elSSg==",
      "dependencies": {
        "is-extglob": "^2.1.1"
      },
      "engines": {
        "node": ">=0.10.0"
      }
    },
    "node_modules/is-number": {
      "version": "7.0.0",
      "resolved": "https://registry.npmjs.org/is-number/-/is-number-7.0.0.tgz",
      "integrity": "sha512-41Cifkg6e8TylSpdtTpeLVMqvSBEVzTttHvERD741+pnZ8ANv0004MRL43QKPDlK9cGvNp6NZWZUBlbGXYxxng==",
      "engines": {
        "node": ">=0.12.0"
      }
    },
    "node_modules/marked": {
      "resolved": "../../node_modules/.pnpm/marked@4.0.3/node_modules/marked",
      "link": true
    },
    "node_modules/nodemon": {
      "resolved": "../../node_modules/.pnpm/nodemon@2.0.15/node_modules/nodemon",
      "link": true
    },
    "node_modules/normalize-path": {
      "version": "3.0.0",
      "resolved": "https://registry.npmjs.org/normalize-path/-/normalize-path-3.0.0.tgz",
      "integrity": "sha512-6eZs5Ls3WtCisHWp9S2GUy8dqkpGi4BVSz3GaqiE6ezub0512ESztXUwUB6C6IKbQkY2Pnb/mD4WYojCRwcwLA==",
      "engines": {
        "node": ">=0.10.0"
      }
    },
    "node_modules/picomatch": {
      "version": "2.3.0",
      "resolved": "https://registry.npmjs.org/picomatch/-/picomatch-2.3.0.tgz",
      "integrity": "sha512-lY1Q/PiJGC2zOv/z391WOTD+Z02bCgsFfvxoXXf6h7kv9o+WmsmzYqrAwY63sNgOxE4xEdq0WyUnXfKeBrSvYw==",
      "engines": {
        "node": ">=8.6"
      },
      "funding": {
        "url": "https://github.com/sponsors/jonschlinkert"
      }
    },
    "node_modules/readdirp": {
      "version": "3.6.0",
      "resolved": "https://registry.npmjs.org/readdirp/-/readdirp-3.6.0.tgz",
      "integrity": "sha512-hOS089on8RduqdbhvQ5Z37A0ESjsqz6qnRcffsMU3495FuTdqSm+7bhJ29JvIOsBDEEnan5DPu9t3To9VRlMzA==",
      "dependencies": {
        "picomatch": "^2.2.1"
      },
      "engines": {
        "node": ">=8.10.0"
      }
    },
    "node_modules/to-regex-range": {
      "version": "5.0.1",
      "resolved": "https://registry.npmjs.org/to-regex-range/-/to-regex-range-5.0.1.tgz",
      "integrity": "sha512-65P7iz6X5yEr1cwcgvQxbbIw7Uk3gOy5dIdtZ4rDveLqhrdJP+Li/Hx6tyK0NEb+2GCyneCMJiGqrADCSNk8sQ==",
      "dependencies": {
        "is-number": "^7.0.0"
      },
      "engines": {
        "node": ">=8.0"
      }
    },
    "node_modules/vite": {
      "resolved": "../../node_modules/.pnpm/vite@2.6.14_sass@1.43.4/node_modules/vite",
      "link": true
    },
    "node_modules/vue": {
      "resolved": "../../node_modules/.pnpm/vue@3.2.22/node_modules/vue",
      "link": true
    }
  },
  "dependencies": {
    "@vitejs/plugin-vue": {
      "version": "file:../../node_modules/.pnpm/@vitejs+plugin-vue@1.9.4_vite@2.6.14/node_modules/@vitejs/plugin-vue",
      "requires": {
        "@rollup/pluginutils": "^4.1.1",
        "@types/hash-sum": "^1.0.0",
        "@vue/compiler-sfc": "^3.2.19",
        "debug": "^4.3.2",
        "hash-sum": "^2.0.0",
        "rollup": "^2.57.0",
        "slash": "^3.0.0",
        "source-map": "^0.6.1",
        "vue": "^3.2.19"
      }
    },
    "@vue/compiler-sfc": {
      "version": "file:../../node_modules/.pnpm/@vue+compiler-sfc@3.2.22/node_modules/@vue/compiler-sfc",
      "requires": {
        "@babel/parser": "^7.15.0",
        "@babel/types": "^7.15.0",
        "@types/estree": "^0.0.48",
        "@types/lru-cache": "^5.1.0",
        "@vue/compiler-core": "3.2.22",
        "@vue/compiler-dom": "3.2.22",
        "@vue/compiler-ssr": "3.2.22",
        "@vue/consolidate": "^0.17.3",
        "@vue/ref-transform": "3.2.22",
        "@vue/shared": "3.2.22",
        "estree-walker": "^2.0.2",
        "hash-sum": "^2.0.0",
        "lru-cache": "^5.1.1",
        "magic-string": "^0.25.7",
        "merge-source-map": "^1.1.0",
        "postcss": "^8.1.10",
        "postcss-modules": "^4.0.0",
        "postcss-selector-parser": "^6.0.4",
        "pug": "^3.0.1",
        "sass": "^1.26.9",
        "source-map": "^0.6.1"
      }
    },
    "anymatch": {
      "version": "3.1.2",
      "resolved": "https://registry.npmjs.org/anymatch/-/anymatch-3.1.2.tgz",
      "integrity": "sha512-P43ePfOAIupkguHUycrc4qJ9kz8ZiuOUijaETwX7THt0Y/GNK7v0aa8rY816xWjZ7rJdA5XdMcpVFTKMq+RvWg==",
      "requires": {
        "normalize-path": "^3.0.0",
        "picomatch": "^2.0.4"
      }
    },
    "binary-extensions": {
      "version": "2.2.0",
      "resolved": "https://registry.npmjs.org/binary-extensions/-/binary-extensions-2.2.0.tgz",
      "integrity": "sha512-jDctJ/IVQbZoJykoeHbhXpOlNBqGNcwXJKJog42E5HDPUwQTSdjCHdihjj0DlnheQ7blbT6dHOafNAiS8ooQKA=="
    },
    "braces": {
      "version": "3.0.2",
      "resolved": "https://registry.npmjs.org/braces/-/braces-3.0.2.tgz",
      "integrity": "sha512-b8um+L1RzM3WDSzvhm6gIz1yfTbBt6YTlcEKAvsmqCZZFw46z626lVj9j1yEPW33H5H+lBQpZMP1k8l+78Ha0A==",
      "requires": {
        "fill-range": "^7.0.1"
      }
    },
    "chokidar": {
      "version": "3.5.2",
      "resolved": "https://registry.npmjs.org/chokidar/-/chokidar-3.5.2.tgz",
      "integrity": "sha512-ekGhOnNVPgT77r4K/U3GDhu+FQ2S8TnK/s2KbIGXi0SZWuwkZ2QNyfWdZW+TVfn84DpEP7rLeCt2UI6bJ8GwbQ==",
      "requires": {
        "anymatch": "~3.1.2",
        "braces": "~3.0.2",
        "fsevents": "~2.3.2",
        "glob-parent": "~5.1.2",
        "is-binary-path": "~2.1.0",
        "is-glob": "~4.0.1",
        "normalize-path": "~3.0.0",
        "readdirp": "~3.6.0"
      }
    },
    "concurrently": {
      "version": "file:../../node_modules/.pnpm/concurrently@6.4.0/node_modules/concurrently",
      "requires": {
        "chalk": "^4.1.0",
        "coveralls": "^3.1.0",
        "date-fns": "^2.16.1",
        "eslint": "^7.17.0",
        "jest": "^26.6.3",
        "jest-create-mock-instance": "^1.1.0",
        "lodash": "^4.17.21",
        "rxjs": "^6.6.3",
        "spawn-command": "^0.0.2-1",
        "supports-color": "^8.1.0",
        "tree-kill": "^1.2.2",
        "yargs": "^16.2.0"
      }
    },
    "fill-range": {
      "version": "7.0.1",
      "resolved": "https://registry.npmjs.org/fill-range/-/fill-range-7.0.1.tgz",
      "integrity": "sha512-qOo9F+dMUmC2Lcb4BbVvnKJxTPjCm+RRpe4gDuGrzkL7mEVl/djYSu2OdQ2Pa302N4oqkSg9ir6jaLWJ2USVpQ==",
      "requires": {
        "to-regex-range": "^5.0.1"
      }
    },
    "fsevents": {
      "version": "2.3.2",
      "resolved": "https://registry.npmjs.org/fsevents/-/fsevents-2.3.2.tgz",
      "integrity": "sha512-xiqMQR4xAeHTuB9uWm+fFRcIOgKBMiOBP+eXiyT7jsgVCq1bkVygt00oASowB7EdtpOHaaPgKt812P9ab+DDKA==",
      "optional": true
    },
    "glob-parent": {
      "version": "5.1.2",
      "resolved": "https://registry.npmjs.org/glob-parent/-/glob-parent-5.1.2.tgz",
      "integrity": "sha512-AOIgSQCepiJYwP3ARnGx+5VnTu2HBYdzbGP45eLw1vr3zB3vZLeyed1sC9hnbcOc9/SrMyM5RPQrkGz4aS9Zow==",
      "requires": {
        "is-glob": "^4.0.1"
      }
    },
    "is-binary-path": {
      "version": "2.1.0",
      "resolved": "https://registry.npmjs.org/is-binary-path/-/is-binary-path-2.1.0.tgz",
      "integrity": "sha512-ZMERYes6pDydyuGidse7OsHxtbI7WVeUEozgR/g7rd0xUimYNlvZRE/K2MgZTjWy725IfelLeVcEM97mmtRGXw==",
      "requires": {
        "binary-extensions": "^2.0.0"
      }
    },
    "is-extglob": {
      "version": "2.1.1",
      "resolved": "https://registry.npmjs.org/is-extglob/-/is-extglob-2.1.1.tgz",
      "integrity": "sha1-qIwCU1eR8C7TfHahueqXc8gz+MI="
    },
    "is-glob": {
      "version": "4.0.3",
      "resolved": "https://registry.npmjs.org/is-glob/-/is-glob-4.0.3.tgz",
      "integrity": "sha512-xelSayHH36ZgE7ZWhli7pW34hNbNl8Ojv5KVmkJD4hBdD3th8Tfk9vYasLM+mXWOZhFkgZfxhLSnrwRr4elSSg==",
      "requires": {
        "is-extglob": "^2.1.1"
      }
    },
    "is-number": {
      "version": "7.0.0",
      "resolved": "https://registry.npmjs.org/is-number/-/is-number-7.0.0.tgz",
      "integrity": "sha512-41Cifkg6e8TylSpdtTpeLVMqvSBEVzTttHvERD741+pnZ8ANv0004MRL43QKPDlK9cGvNp6NZWZUBlbGXYxxng=="
    },
    "marked": {
      "version": "file:../../node_modules/.pnpm/marked@4.0.3/node_modules/marked",
      "requires": {
        "@babel/core": "^7.16.0",
        "@babel/preset-env": "^7.16.0",
        "@markedjs/html-differ": "^3.0.4",
        "@rollup/plugin-babel": "^5.3.0",
        "@rollup/plugin-commonjs": "^21.0.1",
        "@semantic-release/commit-analyzer": "^9.0.1",
        "@semantic-release/git": "^10.0.1",
        "@semantic-release/github": "^8.0.2",
        "@semantic-release/npm": "^8.0.3",
        "@semantic-release/release-notes-generator": "^10.0.2",
        "cheerio": "^1.0.0-rc.10",
        "commonmark": "0.30.0",
        "eslint": "^8.2.0",
        "eslint-config-standard": "^16.0.3",
        "eslint-plugin-import": "^2.25.2",
        "eslint-plugin-node": "^11.1.0",
        "eslint-plugin-promise": "^5.1.1",
        "front-matter": "^4.0.2",
        "highlight.js": "^11.3.1",
        "jasmine": "^3.10.0",
        "markdown-it": "12.2.0",
        "node-fetch": "^3.0.0",
        "rollup": "^2.59.0",
        "rollup-plugin-license": "^2.6.0",
        "semantic-release": "^18.0.0",
        "titleize": "^3.0.0",
        "uglify-js": "^3.14.3",
        "vuln-regex-detector": "^1.3.0"
      }
    },
    "nodemon": {
      "version": "file:../../node_modules/.pnpm/nodemon@2.0.15/node_modules/nodemon",
      "requires": {
        "@commitlint/cli": "^11.0.0",
        "@commitlint/config-conventional": "^11.0.0",
        "async": "1.4.2",
        "chokidar": "^3.5.2",
        "coffee-script": "~1.7.1",
        "debug": "^3.2.7",
        "eslint": "^7.32.0",
        "husky": "^7.0.4",
        "ignore-by-default": "^1.0.1",
        "minimatch": "^3.0.4",
        "mocha": "^2.5.3",
        "nyc": "^15.1.0",
        "proxyquire": "^1.8.0",
        "pstree.remy": "^1.1.8",
        "semantic-release": "^18.0.0",
        "semver": "^5.7.1",
        "should": "~4.0.0",
        "supports-color": "^5.5.0",
        "touch": "^3.1.0",
        "undefsafe": "^2.0.5",
        "update-notifier": "^5.1.0"
      }
    },
    "normalize-path": {
      "version": "3.0.0",
      "resolved": "https://registry.npmjs.org/normalize-path/-/normalize-path-3.0.0.tgz",
      "integrity": "sha512-6eZs5Ls3WtCisHWp9S2GUy8dqkpGi4BVSz3GaqiE6ezub0512ESztXUwUB6C6IKbQkY2Pnb/mD4WYojCRwcwLA=="
    },
    "picomatch": {
      "version": "2.3.0",
      "resolved": "https://registry.npmjs.org/picomatch/-/picomatch-2.3.0.tgz",
      "integrity": "sha512-lY1Q/PiJGC2zOv/z391WOTD+Z02bCgsFfvxoXXf6h7kv9o+WmsmzYqrAwY63sNgOxE4xEdq0WyUnXfKeBrSvYw=="
    },
    "readdirp": {
      "version": "3.6.0",
      "resolved": "https://registry.npmjs.org/readdirp/-/readdirp-3.6.0.tgz",
      "integrity": "sha512-hOS089on8RduqdbhvQ5Z37A0ESjsqz6qnRcffsMU3495FuTdqSm+7bhJ29JvIOsBDEEnan5DPu9t3To9VRlMzA==",
      "requires": {
        "picomatch": "^2.2.1"
      }
    },
    "to-regex-range": {
      "version": "5.0.1",
      "resolved": "https://registry.npmjs.org/to-regex-range/-/to-regex-range-5.0.1.tgz",
      "integrity": "sha512-65P7iz6X5yEr1cwcgvQxbbIw7Uk3gOy5dIdtZ4rDveLqhrdJP+Li/Hx6tyK0NEb+2GCyneCMJiGqrADCSNk8sQ==",
      "requires": {
        "is-number": "^7.0.0"
      }
    },
    "vite": {
      "version": "file:../../node_modules/.pnpm/vite@2.6.14_sass@1.43.4/node_modules/vite",
      "requires": {
        "@ampproject/remapping": "^1.0.1",
        "@babel/parser": "^7.15.8",
        "@babel/types": "^7.15.6",
        "@rollup/plugin-alias": "^3.1.5",
        "@rollup/plugin-commonjs": "^21.0.0",
        "@rollup/plugin-dynamic-import-vars": "^1.4.0",
        "@rollup/plugin-json": "^4.1.0",
        "@rollup/plugin-node-resolve": "13.0.5",
        "@rollup/plugin-typescript": "^8.2.5",
        "@rollup/pluginutils": "^4.1.1",
        "@types/convert-source-map": "^1.5.2",
        "@types/debug": "^4.1.7",
        "@types/es-module-lexer": "^0.3.0",
        "@types/estree": "^0.0.50",
        "@types/etag": "^1.8.1",
        "@types/less": "^3.0.3",
        "@types/mime": "^2.0.3",
        "@types/node": "^15.12.2",
        "@types/resolve": "^1.20.1",
        "@types/sass": "^1.16.1",
        "@types/stylus": "^0.48.36",
        "@types/ws": "^7.4.7",
        "@vue/compiler-dom": "^3.2.19",
        "acorn": "^8.5.0",
        "acorn-class-fields": "^1.0.0",
        "acorn-static-class-features": "^1.0.0",
        "builtin-modules": "^3.2.0",
        "cac": "^6.7.3",
        "chalk": "^4.1.2",
        "chokidar": "^3.5.2",
        "compression": "^1.7.4",
        "connect": "^3.7.0",
        "connect-history-api-fallback": "^1.6.0",
        "convert-source-map": "^1.8.0",
        "cors": "^2.8.5",
        "debug": "^4.3.2",
        "dotenv": "^10.0.0",
        "dotenv-expand": "^5.1.0",
        "es-module-lexer": "^0.9.2",
        "esbuild": "^0.13.2",
        "estree-walker": "^2.0.2",
        "etag": "^1.8.1",
        "execa": "^5.1.1",
        "fast-glob": "^3.2.7",
        "fsevents": "~2.3.2",
        "http-proxy": "^1.18.1",
        "launch-editor-middleware": "^2.2.1",
        "magic-string": "^0.25.7",
        "mime": "^2.5.2",
        "minimatch": "^3.0.4",
        "okie": "^1.0.1",
        "open": "^8.2.1",
        "periscopic": "^2.0.3",
        "postcss": "^8.3.8",
        "postcss-import": "^14.0.2",
        "postcss-load-config": "^3.1.0",
        "postcss-modules": "^4.2.2",
        "resolve": "^1.20.0",
        "resolve.exports": "^1.0.2",
        "rollup": "^2.57.0",
        "rollup-plugin-license": "^2.5.0",
        "selfsigned": "^1.10.11",
        "sirv": "^1.0.17",
        "source-map": "^0.6.1",
        "source-map-support": "^0.5.20",
        "strip-ansi": "^6.0.0",
        "terser": "^5.9.0",
        "tsconfck": "^1.0.0",
        "tslib": "^2.3.1",
        "types": "link:./types",
        "ws": "^7.5.5"
      }
    },
    "vue": {
      "version": "file:../../node_modules/.pnpm/vue@3.2.22/node_modules/vue",
      "requires": {
        "@vue/compiler-dom": "3.2.22",
        "@vue/compiler-sfc": "3.2.22",
        "@vue/runtime-dom": "3.2.22",
        "@vue/server-renderer": "3.2.22",
        "@vue/shared": "3.2.22"
      }
    }
  }
}
